Microsoft Visual Studio Solution File, Format Version 12.00
# Visual Studio Version 17
VisualStudioVersion = 17.8.0.0
MinimumVisualStudioVersion = 17.8.0.0
Project("{9A19103F-16F7-4668-BE54-9A1E7A4F7556}") = "AspireSample.AppHost", "AspireSample.AppHost\AspireSample.AppHost.csproj", "{B09D2370-5754-4D63-81C6-A4011D677ABB}"
EndProject
Project("{9A19103F-16F7-4668-BE54-9A1E7A4F7556}") = "AspireSample.ServiceDefaults", "AspireSample.ServiceDefaults\AspireSample.ServiceDefaults.csproj", "{1FE856B1-B107-4E65-B5EB-B0D5E3E3AB4A}"
EndProject
Project("{9A19103F-16F7-4668-BE54-9A1E7A4F7556}") = "AspireSample.ApiService", "AspireSample.ApiService\AspireSample.ApiService.csproj", "{BCA5B5B4-F40D-4E56-8413-8EC8CAC5FE4F}"
EndProject
Project("{9A19103F-16F7-4668-BE54-9A1E7A4F7556}") = "AspireSample.Web", "AspireSample.Web\AspireSample.Web.csproj", "{5F01D195-E236-456E-A56F-6762298CB323}"
EndProject
Global
	GlobalSection(SolutionConfigurationPlatforms) = preSolution
		Debug|Any CPU = Debug|Any CPU
		Release|Any CPU = Release|Any CPU
	EndGlobalSection
	GlobalSection(ProjectConfigurationPlatforms) = postSolution
		{B09D2370-5754-4D63-81C6-A4011D677ABB}.Debug|Any CPU.ActiveCfg = Debug|Any CPU
		{B09D2370-5754-4D63-81C6-A4011D677ABB}.Debug|Any CPU.Build.0 = Debug|Any CPU
		{B09D2370-5754-4D63-81C6-A4011D677ABB}.Release|Any CPU.ActiveCfg = Release|Any CPU
		{B09D2370-5754-4D63-81C6-A4011D677ABB}.Release|Any CPU.Build.0 = Release|Any CPU
		{1FE856B1-B107-4E65-B5EB-B0D5E3E3AB4A}.Debug|Any CPU.ActiveCfg = Debug|Any CPU
		{1FE856B1-B107-4E65-B5EB-B0D5E3E3AB4A}.Debug|Any CPU.Build.0 = Debug|Any CPU
		{1FE856B1-B107-4E65-B5EB-B0D5E3E3AB4A}.Release|Any CPU.ActiveCfg = Release|Any CPU
		{1FE856B1-B107-4E65-B5EB-B0D5E3E3AB4A}.Release|Any CPU.Build.0 = Release|Any CPU
		{BCA5B5B4-F40D-4E56-8413-8EC8CAC5FE4F}.Debug|Any CPU.ActiveCfg = Debug|Any CPU
		{BCA5B5B4-F40D-4E56-8413-8EC8CAC5FE4F}.Debug|Any CPU.Build.0 = Debug|Any CPU
		{BCA5B5B4-F40D-4E56-8413-8EC8CAC5FE4F}.Release|Any CPU.ActiveCfg = Release|Any CPU
		{BCA5B5B4-F40D-4E56-8413-8EC8CAC5FE4F}.Release|Any CPU.Build.0 = Release|Any CPU
		{5F01D195-E236-456E-A56F-6762298CB323}.Debug|Any CPU.ActiveCfg = Debug|Any CPU
		{5F01D195-E236-456E-A56F-6762298CB323}.Debug|Any CPU.Build.0 = Debug|Any CPU
		{5F01D195-E236-456E-A56F-6762298CB323}.Release|Any CPU.ActiveCfg = Release|Any CPU
		{5F01D195-E236-456E-A56F-6762298CB323}.Release|Any CPU.Build.0 = Release|Any CPU
	EndGlobalSection
	GlobalSection(SolutionProperties) = preSolution
		HideSolutionNode = FALSE
	EndGlobalSection
	GlobalSection(ExtensibilityGlobals) = postSolution
		SolutionGuid = {15B29D12-3E2C-4759-80BF-E07958ED2C27}
	EndGlobalSection
EndGlobal
